
Microsoft Visual Studio Solution File, Format Version 12.00
# Visual Studio 15
VisualStudioVersion = 15.0.28307.168
MinimumVisualStudioVersion = 10.0.40219.1
Project("{FAE04EC0-301F-11D3-BF4B-00C04F79EFBC}") = "butunislerburada.Business", "butunislerburada.Business\butunislerburada.Business.csproj", "{43678783-D085-41D5-A4D7-DCA22F9172D1}"
EndProject
Project("{FAE04EC0-301F-11D3-BF4B-00C04F79EFBC}") = "butunislerburada.MVC", "butunislerburada.MVC\butunislerburada.MVC.csproj", "{A7FFA190-9BFE-4CD4-AC58-98D8CC587F0A}"
EndProject
Project("{FAE04EC0-301F-11D3-BF4B-00C04F79EFBC}") = "butunislerburada.Data", "butunislerburada.Data\butunislerburada.Data.csproj", "{9CE2F30C-868C-4DDA-AB98-B1B240760ED2}"
EndProject
Global
	GlobalSection(SolutionConfigurationPlatforms) = preSolution
		Debug|Any CPU = Debug|Any CPU
		Release|Any CPU = Release|Any CPU
	EndGlobalSection
	GlobalSection(ProjectConfigurationPlatforms) = postSolution
		{43678783-D085-41D5-A4D7-DCA22F9172D1}.Debug|Any CPU.ActiveCfg = Debug|Any CPU
		{43678783-D085-41D5-A4D7-DCA22F9172D1}.Debug|Any CPU.Build.0 = Debug|Any CPU
		{43678783-D085-41D5-A4D7-DCA22F9172D1}.Release|Any CPU.ActiveCfg = Release|Any CPU
		{43678783-D085-41D5-A4D7-DCA22F9172D1}.Release|Any CPU.Build.0 = Release|Any CPU
		{A7FFA190-9BFE-4CD4-AC58-98D8CC587F0A}.Debug|Any CPU.ActiveCfg = Debug|Any CPU
		{A7FFA190-9BFE-4CD4-AC58-98D8CC587F0A}.Debug|Any CPU.Build.0 = Debug|Any CPU
		{A7FFA190-9BFE-4CD4-AC58-98D8CC587F0A}.Release|Any CPU.ActiveCfg = Release|Any CPU
		{A7FFA190-9BFE-4CD4-AC58-98D8CC587F0A}.Release|Any CPU.Build.0 = Release|Any CPU
		{9CE2F30C-868C-4DDA-AB98-B1B240760ED2}.Debug|Any CPU.ActiveCfg = Debug|Any CPU
		{9CE2F30C-868C-4DDA-AB98-B1B240760ED2}.Debug|Any CPU.Build.0 = Debug|Any CPU
		{9CE2F30C-868C-4DDA-AB98-B1B240760ED2}.Release|Any CPU.ActiveCfg = Release|Any CPU
		{9CE2F30C-868C-4DDA-AB98-B1B240760ED2}.Release|Any CPU.Build.0 = Release|Any CPU
	EndGlobalSection
	GlobalSection(SolutionProperties) = preSolution
		HideSolutionNode = FALSE
	EndGlobalSection
	GlobalSection(ExtensibilityGlobals) = postSolution
		SolutionGuid = {0815FDBD-A841-4FFC-972A-80A8CF8E652A}
	EndGlobalSection
EndGlobal
